{
  "name": "booze-and-vinyl",
  "version": "1.0.0",
  "lockfileVersion": 3,
  "requires": true,
  "packages": {
    "": {
      "name": "booze-and-vinyl",
      "version": "1.0.0",
      "license": "ISC",
      "dependencies": {
        "lowdb": "^5.1.0"
      }
    },
    "node_modules/lowdb": {
      "version": "5.1.0",
      "resolved": "https://registry.npmjs.org/lowdb/-/lowdb-5.1.0.tgz",
      "integrity": "sha512-OEysJ2S3j05RqehEypEv3h6EgdV4Y7LTq7LngRNqe1IxsInOm66/sa3fzoI6mmqs2CC+zIJW3vfncGNv2IGi3A==",
      "license": "MIT",
      "dependencies": {
        "steno": "^3.0.0"
      },
      "engines": {
        "node": ">=14.16"
      },
      "funding": {
        "url": "https://github.com/sponsors/typicode"
      }
    },
    "node_modules/steno": {
      "version": "3.2.0",
      "resolved": "https://registry.npmjs.org/steno/-/steno-3.2.0.tgz",
      "integrity": "sha512-zPKkv+LqoYffxrtD0GIVA08DvF6v1dW02qpP5XnERoobq9g3MKcTSBTi08gbGNFMNRo3TQV/6kBw811T1LUhKg==",
      "license": "MIT",
      "engines": {
        "node": ">=16"
      },
      "funding": {
        "url": "https://github.com/sponsors/typicode"
      }
    }
  }
}
